
Microsoft Visual Studio Solution File, Format Version 12.00
# Visual Studio Version 16
VisualStudioVersion = 16.0.33328.57
MinimumVisualStudioVersion = 10.0.40219.1
Project("{FAE04EC0-301F-11D3-BF4B-00C04F79EFBC}") = "VoNoResp", "VoNoResp\VoNoResp.csproj", "{24D93055-3D7E-4B1A-B3EF-D626AA54138F}"
EndProject
Global
	GlobalSection(SolutionConfigurationPlatforms) = preSolution
		Debug|Any CPU = Debug|Any CPU
		Release|Any CPU = Release|Any CPU
	EndGlobalSection
	GlobalSection(ProjectConfigurationPlatforms) = postSolution
		{24D93055-3D7E-4B1A-B3EF-D626AA54138F}.Debug|Any CPU.ActiveCfg = Debug|Any CPU
		{24D93055-3D7E-4B1A-B3EF-D626AA54138F}.Debug|Any CPU.Build.0 = Debug|Any CPU
		{24D93055-3D7E-4B1A-B3EF-D626AA54138F}.Release|Any CPU.ActiveCfg = Release|Any CPU
		{24D93055-3D7E-4B1A-B3EF-D626AA54138F}.Release|Any CPU.Build.0 = Release|Any CPU
	EndGlobalSection
	GlobalSection(SolutionProperties) = preSolution
		HideSolutionNode = FALSE
	EndGlobalSection
	GlobalSection(ExtensibilityGlobals) = postSolution
		SolutionGuid = {DE4447B1-D47D-4B5C-8D27-6188F7B5A7D9}
	EndGlobalSection
EndGlobal
